
Microsoft Visual Studio Solution File, Format Version 12.00
# Visual Studio Version 17
VisualStudioVersion = 17.1.32228.430
MinimumVisualStudioVersion = 10.0.40219.1
Project("{FAE04EC0-301F-11D3-BF4B-00C04F79EFBC}") = "Timer_PR15.Android", "Timer_PR15\Timer_PR15.Android\Timer_PR15.Android.csproj", "{D5471A6A-825F-4A4D-BFB9-77F58B8D3BC4}"
EndProject
Project("{FAE04EC0-301F-11D3-BF4B-00C04F79EFBC}") = "Timer_PR15.iOS", "Timer_PR15\Timer_PR15.iOS\Timer_PR15.iOS.csproj", "{B65CD552-FFDF-48B6-9F8F-0BA5024BD1A2}"
EndProject
Project("{FAE04EC0-301F-11D3-BF4B-00C04F79EFBC}") = "Timer_PR15", "Timer_PR15\Timer_PR15\Timer_PR15.csproj", "{9DEA4289-E7D6-441E-BCA5-C28F9CA19503}"
EndProject
Global
	GlobalSection(SolutionConfigurationPlatforms) = preSolution
		Debug|Any CPU = Debug|Any CPU
		Debug|iPhone = Debug|iPhone
		Debug|iPhoneSimulator = Debug|iPhoneSimulator
		Release|Any CPU = Release|Any CPU
		Release|iPhone = Release|iPhone
		Release|iPhoneSimulator = Release|iPhoneSimulator
	EndGlobalSection
	GlobalSection(ProjectConfigurationPlatforms) = postSolution
		{D5471A6A-825F-4A4D-BFB9-77F58B8D3BC4}.Debug|Any CPU.ActiveCfg = Debug|Any CPU
		{D5471A6A-825F-4A4D-BFB9-77F58B8D3BC4}.Debug|Any CPU.Build.0 = Debug|Any CPU
		{D5471A6A-825F-4A4D-BFB9-77F58B8D3BC4}.Debug|Any CPU.Deploy.0 = Debug|Any CPU
		{D5471A6A-825F-4A4D-BFB9-77F58B8D3BC4}.Debug|iPhone.ActiveCfg = Debug|Any CPU
		{D5471A6A-825F-4A4D-BFB9-77F58B8D3BC4}.Debug|iPhone.Build.0 = Debug|Any CPU
		{D5471A6A-825F-4A4D-BFB9-77F58B8D3BC4}.Debug|iPhone.Deploy.0 = Debug|Any CPU
		{D5471A6A-825F-4A4D-BFB9-77F58B8D3BC4}.Debug|iPhoneSimulator.ActiveCfg = Debug|Any CPU
		{D5471A6A-825F-4A4D-BFB9-77F58B8D3BC4}.Debug|iPhoneSimulator.Build.0 = Debug|Any CPU
		{D5471A6A-825F-4A4D-BFB9-77F58B8D3BC4}.Debug|iPhoneSimulator.Deploy.0 = Debug|Any CPU
		{D5471A6A-825F-4A4D-BFB9-77F58B8D3BC4}.Release|Any CPU.ActiveCfg = Release|Any CPU
		{D5471A6A-825F-4A4D-BFB9-77F58B8D3BC4}.Release|Any CPU.Build.0 = Release|Any CPU
		{D5471A6A-825F-4A4D-BFB9-77F58B8D3BC4}.Release|Any CPU.Deploy.0 = Release|Any CPU
		{D5471A6A-825F-4A4D-BFB9-77F58B8D3BC4}.Release|iPhone.ActiveCfg = Release|Any CPU
		{D5471A6A-825F-4A4D-BFB9-77F58B8D3BC4}.Release|iPhone.Build.0 = Release|Any CPU
		{D5471A6A-825F-4A4D-BFB9-77F58B8D3BC4}.Release|iPhone.Deploy.0 = Release|Any CPU
		{D5471A6A-825F-4A4D-BFB9-77F58B8D3BC4}.Release|iPhoneSimulator.ActiveCfg = Release|Any CPU
		{D5471A6A-825F-4A4D-BFB9-77F58B8D3BC4}.Release|iPhoneSimulator.Build.0 = Release|Any CPU
		{D5471A6A-825F-4A4D-BFB9-77F58B8D3BC4}.Release|iPhoneSimulator.Deploy.0 = Release|Any CPU
		{B65CD552-FFDF-48B6-9F8F-0BA5024BD1A2}.Debug|Any CPU.ActiveCfg = Debug|iPhone
		{B65CD552-FFDF-48B6-9F8F-0BA5024BD1A2}.Debug|Any CPU.Build.0 = Debug|iPhone
		{B65CD552-FFDF-48B6-9F8F-0BA5024BD1A2}.Debug|Any CPU.Deploy.0 = Debug|iPhone
		{B65CD552-FFDF-48B6-9F8F-0BA5024BD1A2}.Debug|iPhone.ActiveCfg = Debug|iPhone
		{B65CD552-FFDF-48B6-9F8F-0BA5024BD1A2}.Debug|iPhone.Build.0 = Debug|iPhone
		{B65CD552-FFDF-48B6-9F8F-0BA5024BD1A2}.Debug|iPhone.Deploy.0 = Debug|iPhone
		{B65CD552-FFDF-48B6-9F8F-0BA5024BD1A2}.Debug|iPhoneSimulator.ActiveCfg = Debug|iPhoneSimulator
		{B65CD552-FFDF-48B6-9F8F-0BA5024BD1A2}.Debug|iPhoneSimulator.Build.0 = Debug|iPhoneSimulator
		{B65CD552-FFDF-48B6-9F8F-0BA5024BD1A2}.Debug|iPhoneSimulator.Deploy.0 = Debug|iPhoneSimulator
		{B65CD552-FFDF-48B6-9F8F-0BA5024BD1A2}.Release|Any CPU.ActiveCfg = Release|iPhoneSimulator
		{B65CD552-FFDF-48B6-9F8F-0BA5024BD1A2}.Release|Any CPU.Build.0 = Release|iPhoneSimulator
		{B65CD552-FFDF-48B6-9F8F-0BA5024BD1A2}.Release|Any CPU.Deploy.0 = Release|iPhoneSimulator
		{B65CD552-FFDF-48B6-9F8F-0BA5024BD1A2}.Release|iPhone.ActiveCfg = Release|iPhone
		{B65CD552-FFDF-48B6-9F8F-0BA5024BD1A2}.Release|iPhone.Build.0 = Release|iPhone
		{B65CD552-FFDF-48B6-9F8F-0BA5024BD1A2}.Release|iPhone.Deploy.0 = Release|iPhone
		{B65CD552-FFDF-48B6-9F8F-0BA5024BD1A2}.Release|iPhoneSimulator.ActiveCfg = Release|iPhoneSimulator
		{B65CD552-FFDF-48B6-9F8F-0BA5024BD1A2}.Release|iPhoneSimulator.Build.0 = Release|iPhoneSimulator
		{B65CD552-FFDF-48B6-9F8F-0BA5024BD1A2}.Release|iPhoneSimulator.Deploy.0 = Release|iPhoneSimulator
		{9DEA4289-E7D6-441E-BCA5-C28F9CA19503}.Debug|Any CPU.ActiveCfg = Debug|Any CPU
		{9DEA4289-E7D6-441E-BCA5-C28F9CA19503}.Debug|Any CPU.Build.0 = Debug|Any CPU
		{9DEA4289-E7D6-441E-BCA5-C28F9CA19503}.Debug|Any CPU.Deploy.0 = Debug|Any CPU
		{9DEA4289-E7D6-441E-BCA5-C28F9CA19503}.Debug|iPhone.ActiveCfg = Debug|Any CPU
		{9DEA4289-E7D6-441E-BCA5-C28F9CA19503}.Debug|iPhone.Build.0 = Debug|Any CPU
		{9DEA4289-E7D6-441E-BCA5-C28F9CA19503}.Debug|iPhone.Deploy.0 = Debug|Any CPU
		{9DEA4289-E7D6-441E-BCA5-C28F9CA19503}.Debug|iPhoneSimulator.ActiveCfg = Debug|Any CPU
		{9DEA4289-E7D6-441E-BCA5-C28F9CA19503}.Debug|iPhoneSimulator.Build.0 = Debug|Any CPU
		{9DEA4289-E7D6-441E-BCA5-C28F9CA19503}.Debug|iPhoneSimulator.Deploy.0 = Debug|Any CPU
		{9DEA4289-E7D6-441E-BCA5-C28F9CA19503}.Release|Any CPU.ActiveCfg = Release|Any CPU
		{9DEA4289-E7D6-441E-BCA5-C28F9CA19503}.Release|Any CPU.Build.0 = Release|Any CPU
		{9DEA4289-E7D6-441E-BCA5-C28F9CA19503}.Release|Any CPU.Deploy.0 = Release|Any CPU
		{9DEA4289-E7D6-441E-BCA5-C28F9CA19503}.Release|iPhone.ActiveCfg = Release|Any CPU
		{9DEA4289-E7D6-441E-BCA5-C28F9CA19503}.Release|iPhone.Build.0 = Release|Any CPU
		{9DEA4289-E7D6-441E-BCA5-C28F9CA19503}.Release|iPhone.Deploy.0 = Release|Any CPU
		{9DEA4289-E7D6-441E-BCA5-C28F9CA19503}.Release|iPhoneSimulator.ActiveCfg = Release|Any CPU
		{9DEA4289-E7D6-441E-BCA5-C28F9CA19503}.Release|iPhoneSimulator.Build.0 = Release|Any CPU
		{9DEA4289-E7D6-441E-BCA5-C28F9CA19503}.Release|iPhoneSimulator.Deploy.0 = Release|Any CPU
	EndGlobalSection
	GlobalSection(SolutionProperties) = preSolution
		HideSolutionNode = FALSE
	EndGlobalSection
	GlobalSection(ExtensibilityGlobals) = postSolution
		SolutionGuid = {E171213B-6184-4E39-9CC4-0B5C821C0B89}
	EndGlobalSection
EndGlobal
